// !$*UTF8*$!
{
	archiveVersion = 1;
	classes = {
	};
	objectVersion = 50;
	objects = {

/* Begin PBXBuildFile section */
		D466D7402456FBB1005AC3E5 /* Trust_Account.cpp in Sources */ = {isa = PBXBuildFile; fileRef = D466D73E2456FBB1005AC3E5 /* Trust_Account.cpp */; };
		D47256132454A23E00DAD769 /* Account.cpp in Sources */ = {isa = PBXBuildFile; fileRef = D472560F2454A23E00DAD769 /* Account.cpp */; };
		D47256142454A23E00DAD769 /* Account_Util.cpp in Sources */ = {isa = PBXBuildFile; fileRef = D47256112454A23E00DAD769 /* Account_Util.cpp */; };
		D472561B2454A25600DAD769 /* Savings_Account.cpp in Sources */ = {isa = PBXBuildFile; fileRef = D47256162454A25600DAD769 /* Savings_Account.cpp */; };
		D472561C2454A25600DAD769 /* main.cpp in Sources */ = {isa = PBXBuildFile; fileRef = D47256192454A25600DAD769 /* main.cpp */; };
		D472561F2454A30900DAD769 /* Checking_Account.cpp in Sources */ = {isa = PBXBuildFile; fileRef = D472561D2454A30900DAD769 /* Checking_Account.cpp */; };
/* End PBXBuildFile section */

/* Begin PBXCopyFilesBuildPhase section */
		D47256032454A21000DAD769 /* CopyFiles */ = {
			isa = PBXCopyFilesBuildPhase;
			buildActionMask = 2147483647;
			dstPath = /usr/share/man/man1/;
			dstSubfolderSpec = 0;
			files = (
			);
			runOnlyForDeploymentPostprocessing = 1;
		};
/* End PBXCopyFilesBuildPhase section */

/* Begin PBXFileReference section */
		D466D73E2456FBB1005AC3E5 /* Trust_Account.cpp */ = {isa = PBXFileReference; lastKnownFileType = sourcecode.cpp.cpp; path = Trust_Account.cpp; sourceTree = "<group>"; };
		D466D73F2456FBB1005AC3E5 /* Trust_Account.h */ = {isa = PBXFileReference; lastKnownFileType = sourcecode.c.h; path = Trust_Account.h; sourceTree = "<group>"; };
		D47256052454A21000DAD769 /* project15-challenge */ = {isa = PBXFileReference; explicitFileType = "compiled.mach-o.executable"; includeInIndex = 0; path = "project15-challenge"; sourceTree = BUILT_PRODUCTS_DIR; };
		D472560F2454A23E00DAD769 /* Account.cpp */ = {isa = PBXFileReference; fileEncoding = 4; lastKnownFileType = sourcecode.cpp.cpp; path = Account.cpp; sourceTree = "<group>"; };
		D47256102454A23E00DAD769 /* Account.h */ = {isa = PBXFileReference; fileEncoding = 4; lastKnownFileType = sourcecode.c.h; path = Account.h; sourceTree = "<group>"; };
		D47256112454A23E00DAD769 /* Account_Util.cpp */ = {isa = PBXFileReference; fileEncoding = 4; lastKnownFileType = sourcecode.cpp.cpp; path = Account_Util.cpp; sourceTree = "<group>"; };
		D47256122454A23E00DAD769 /* Account_Util.h */ = {isa = PBXFileReference; fileEncoding = 4; lastKnownFileType = sourcecode.c.h; path = Account_Util.h; sourceTree = "<group>"; };
		D47256162454A25600DAD769 /* Savings_Account.cpp */ = {isa = PBXFileReference; fileEncoding = 4; lastKnownFileType = sourcecode.cpp.cpp; path = Savings_Account.cpp; sourceTree = "<group>"; };
		D47256182454A25600DAD769 /* Savings_Account.h */ = {isa = PBXFileReference; fileEncoding = 4; lastKnownFileType = sourcecode.c.h; path = Savings_Account.h; sourceTree = "<group>"; };
		D47256192454A25600DAD769 /* main.cpp */ = {isa = PBXFileReference; fileEncoding = 4; lastKnownFileType = sourcecode.cpp.cpp; path = main.cpp; sourceTree = "<group>"; };
		D472561A2454A25600DAD769 /* Description.txt */ = {isa = PBXFileReference; fileEncoding = 4; lastKnownFileType = text; path = Description.txt; sourceTree = "<group>"; };
		D472561D2454A30900DAD769 /* Checking_Account.cpp */ = {isa = PBXFileReference; lastKnownFileType = sourcecode.cpp.cpp; path = Checking_Account.cpp; sourceTree = "<group>"; };
		D472561E2454A30900DAD769 /* Checking_Account.h */ = {isa = PBXFileReference; lastKnownFileType = sourcecode.c.h; path = Checking_Account.h; sourceTree = "<group>"; };
/* End PBXFileReference section */

/* Begin PBXFrameworksBuildPhase section */
		D47256022454A21000DAD769 /* Frameworks */ = {
			isa = PBXFrameworksBuildPhase;
			buildActionMask = 2147483647;
			files = (
			);
			runOnlyForDeploymentPostprocessing = 0;
		};
/* End PBXFrameworksBuildPhase section */

/* Begin PBXGroup section */
		D47255FC2454A21000DAD769 = {
			isa = PBXGroup;
			children = (
				D47256072454A21000DAD769 /* project15-challenge */,
				D47256062454A21000DAD769 /* Products */,
			);
			sourceTree = "<group>";
		};
		D47256062454A21000DAD769 /* Products */ = {
			isa = PBXGroup;
			children = (
				D47256052454A21000DAD769 /* project15-challenge */,
			);
			name = Products;
			sourceTree = "<group>";
		};
		D47256072454A21000DAD769 /* project15-challenge */ = {
			isa = PBXGroup;
			children = (
				D47256112454A23E00DAD769 /* Account_Util.cpp */,
				D47256122454A23E00DAD769 /* Account_Util.h */,
				D472560F2454A23E00DAD769 /* Account.cpp */,
				D47256102454A23E00DAD769 /* Account.h */,
				D472561A2454A25600DAD769 /* Description.txt */,
				D47256192454A25600DAD769 /* main.cpp */,
				D47256162454A25600DAD769 /* Savings_Account.cpp */,
				D47256182454A25600DAD769 /* Savings_Account.h */,
				D472561D2454A30900DAD769 /* Checking_Account.cpp */,
				D472561E2454A30900DAD769 /* Checking_Account.h */,
				D466D73E2456FBB1005AC3E5 /* Trust_Account.cpp */,
				D466D73F2456FBB1005AC3E5 /* Trust_Account.h */,
			);
			path = "project15-challenge";
			sourceTree = "<group>";
		};
/* End PBXGroup section */

/* Begin PBXNativeTarget section */
		D47256042454A21000DAD769 /* project15-challenge */ = {
			isa = PBXNativeTarget;
			buildConfigurationList = D472560C2454A21000DAD769 /* Build configuration list for PBXNativeTarget "project15-challenge" */;
			buildPhases = (
				D47256012454A21000DAD769 /* Sources */,
				D47256022454A21000DAD769 /* Frameworks */,
				D47256032454A21000DAD769 /* CopyFiles */,
			);
			buildRules = (
			);
			dependencies = (
			);
			name = "project15-challenge";
			productName = "project15-challenge";
			productReference = D47256052454A21000DAD769 /* project15-challenge */;
			productType = "com.apple.product-type.tool";
		};
/* End PBXNativeTarget section */

/* Begin PBXProject section */
		D47255FD2454A21000DAD769 /* Project object */ = {
			isa = PBXProject;
			attributes = {
				LastUpgradeCheck = 1140;
				ORGANIZATIONNAME = "Ceri Silvester";
				TargetAttributes = {
					D47256042454A21000DAD769 = {
						CreatedOnToolsVersion = 11.4;
					};
				};
			};
			buildConfigurationList = D47256002454A21000DAD769 /* Build configuration list for PBXProject "project15-challenge" */;
			compatibilityVersion = "Xcode 9.3";
			developmentRegion = en;
			hasScannedForEncodings = 0;
			knownRegions = (
				en,
				Base,
			);
			mainGroup = D47255FC2454A21000DAD769;
			productRefGroup = D47256062454A21000DAD769 /* Products */;
			projectDirPath = "";
			projectRoot = "";
			targets = (
				D47256042454A21000DAD769 /* project15-challenge */,
			);
		};
/* End PBXProject section */

/* Begin PBXSourcesBuildPhase section */
		D47256012454A21000DAD769 /* Sources */ = {
			isa = PBXSourcesBuildPhase;
			buildActionMask = 2147483647;
			files = (
				D472561F2454A30900DAD769 /* Checking_Account.cpp in Sources */,
				D472561B2454A25600DAD769 /* Savings_Account.cpp in Sources */,
				D47256142454A23E00DAD769 /* Account_Util.cpp in Sources */,
				D472561C2454A25600DAD769 /* main.cpp in Sources */,
				D466D7402456FBB1005AC3E5 /* Trust_Account.cpp in Sources */,
				D47256132454A23E00DAD769 /* Account.cpp in Sources */,
			);
			runOnlyForDeploymentPostprocessing = 0;
		};
/* End PBXSourcesBuildPhase section */

/* Begin XCBuildConfiguration section */
		D472560A2454A21000DAD769 /* Debug */ = {
			isa = XCBuildConfiguration;
			buildSettings = {
				ALWAYS_SEARCH_USER_PATHS = NO;
				CLANG_ANALYZER_NONNULL = YES;
				CLANG_ANALYZER_NUMBER_OBJECT_CONVERSION = YES_AGGRESSIVE;
				CLANG_CXX_LANGUAGE_STANDARD = "gnu++14";
				CLANG_CXX_LIBRARY = "libc++";
				CLANG_ENABLE_MODULES = YES;
				CLANG_ENABLE_OBJC_ARC = YES;
				CLANG_ENABLE_OBJC_WEAK = YES;
				CLANG_WARN_BLOCK_CAPTURE_AUTORELEASING = YES;
				CLANG_WARN_BOOL_CONVERSION = YES;
				CLANG_WARN_COMMA = YES;
				CLANG_WARN_CONSTANT_CONVERSION = YES;
				CLANG_WARN_DEPRECATED_OBJC_IMPLEMENTATIONS = YES;
				CLANG_WARN_DIRECT_OBJC_ISA_USAGE = YES_ERROR;
				CLANG_WARN_DOCUMENTATION_COMMENTS = YES;
				CLANG_WARN_EMPTY_BODY = YES;
				CLANG_WARN_ENUM_CONVERSION = YES;
				CLANG_WARN_INFINITE_RECURSION = YES;
				CLANG_WARN_INT_CONVERSION = YES;
				CLANG_WARN_NON_LITERAL_NULL_CONVERSION = YES;
				CLANG_WARN_OBJC_IMPLICIT_RETAIN_SELF = YES;
				CLANG_WARN_OBJC_LITERAL_CONVERSION = YES;
				CLANG_WARN_OBJC_ROOT_CLASS = YES_ERROR;
				CLANG_WARN_RANGE_LOOP_ANALYSIS = YES;
				CLANG_WARN_STRICT_PROTOTYPES = YES;
				CLANG_WARN_SUSPICIOUS_MOVE = YES;
				CLANG_WARN_UNGUARDED_AVAILABILITY = YES_AGGRESSIVE;
				CLANG_WARN_UNREACHABLE_CODE = YES;
				CLANG_WARN__DUPLICATE_METHOD_MATCH = YES;
				COPY_PHASE_STRIP = NO;
				DEBUG_INFORMATION_FORMAT = dwarf;
				ENABLE_STRICT_OBJC_MSGSEND = YES;
				ENABLE_TESTABILITY = YES;
				GCC_C_LANGUAGE_STANDARD = gnu11;
				GCC_DYNAMIC_NO_PIC = NO;
				GCC_NO_COMMON_BLOCKS = YES;
				GCC_OPTIMIZATION_LEVEL = 0;
				GCC_PREPROCESSOR_DEFINITIONS = (
					"DEBUG=1",
					"$(inherited)",
				);
				GCC_WARN_64_TO_32_BIT_CONVERSION = YES;
				GCC_WARN_ABOUT_RETURN_TYPE = YES_ERROR;
				GCC_WARN_UNDECLARED_SELECTOR = YES;
				GCC_WARN_UNINITIALIZED_AUTOS = YES_AGGRESSIVE;
				GCC_WARN_UNUSED_FUNCTION = YES;
				GCC_WARN_UNUSED_VARIABLE = YES;
				MACOSX_DEPLOYMENT_TARGET = 10.15;
				MTL_ENABLE_DEBUG_INFO = INCLUDE_SOURCE;
				MTL_FAST_MATH = YES;
				ONLY_ACTIVE_ARCH = YES;
				SDKROOT = macosx;
			};
			name = Debug;
		};
		D472560B2454A21000DAD769 /* Release */ = {
			isa = XCBuildConfiguration;
			buildSettings = {
				ALWAYS_SEARCH_USER_PATHS = NO;
				CLANG_ANALYZER_NONNULL = YES;
				CLANG_ANALYZER_NUMBER_OBJECT_CONVERSION = YES_AGGRESSIVE;
				CLANG_CXX_LANGUAGE_STANDARD = "gnu++14";
				CLANG_CXX_LIBRARY = "libc++";
				CLANG_ENABLE_MODULES = YES;
				CLANG_ENABLE_OBJC_ARC = YES;
				CLANG_ENABLE_OBJC_WEAK = YES;
				CLANG_WARN_BLOCK_CAPTURE_AUTORELEASING = YES;
				CLANG_WARN_BOOL_CONVERSION = YES;
				CLANG_WARN_COMMA = YES;
				CLANG_WARN_CONSTANT_CONVERSION = YES;
				CLANG_WARN_DEPRECATED_OBJC_IMPLEMENTATIONS = YES;
				CLANG_WARN_DIRECT_OBJC_ISA_USAGE = YES_ERROR;
				CLANG_WARN_DOCUMENTATION_COMMENTS = YES;
				CLANG_WARN_EMPTY_BODY = YES;
				CLANG_WARN_ENUM_CONVERSION = YES;
				CLANG_WARN_INFINITE_RECURSION = YES;
				CLANG_WARN_INT_CONVERSION = YES;
				CLANG_WARN_NON_LITERAL_NULL_CONVERSION = YES;
				CLANG_WARN_OBJC_IMPLICIT_RETAIN_SELF = YES;
				CLANG_WARN_OBJC_LITERAL_CONVERSION = YES;
				CLANG_WARN_OBJC_ROOT_CLASS = YES_ERROR;
				CLANG_WARN_RANGE_LOOP_ANALYSIS = YES;
				CLANG_WARN_STRICT_PROTOTYPES = YES;
				CLANG_WARN_SUSPICIOUS_MOVE = YES;
				CLANG_WARN_UNGUARDED_AVAILABILITY = YES_AGGRESSIVE;
				CLANG_WARN_UNREACHABLE_CODE = YES;
				CLANG_WARN__DUPLICATE_METHOD_MATCH = YES;
				COPY_PHASE_STRIP = NO;
				DEBUG_INFORMATION_FORMAT = "dwarf-with-dsym";
				ENABLE_NS_ASSERTIONS = NO;
				ENABLE_STRICT_OBJC_MSGSEND = YES;
				GCC_C_LANGUAGE_STANDARD = gnu11;
				GCC_NO_COMMON_BLOCKS = YES;
				GCC_WARN_64_TO_32_BIT_CONVERSION = YES;
				GCC_WARN_ABOUT_RETURN_TYPE = YES_ERROR;
				GCC_WARN_UNDECLARED_SELECTOR = YES;
				GCC_WARN_UNINITIALIZED_AUTOS = YES_AGGRESSIVE;
				GCC_WARN_UNUSED_FUNCTION = YES;
				GCC_WARN_UNUSED_VARIABLE = YES;
				MACOSX_DEPLOYMENT_TARGET = 10.15;
				MTL_ENABLE_DEBUG_INFO = NO;
				MTL_FAST_MATH = YES;
				SDKROOT = macosx;
			};
			name = Release;
		};
		D472560D2454A21000DAD769 /* Debug */ = {
			isa = XCBuildConfiguration;
			buildSettings = {
				CODE_SIGN_STYLE = Automatic;
				PRODUCT_NAME = "$(TARGET_NAME)";
			};
			name = Debug;
		};
		D472560E2454A21000DAD769 /* Release */ = {
			isa = XCBuildConfiguration;
			buildSettings = {
				CODE_SIGN_STYLE = Automatic;
				PRODUCT_NAME = "$(TARGET_NAME)";
			};
			name = Release;
		};
/* End XCBuildConfiguration section */

/* Begin XCConfigurationList section */
		D47256002454A21000DAD769 /* Build configuration list for PBXProject "project15-challenge" */ = {
			isa = XCConfigurationList;
			buildConfigurations = (
				D472560A2454A21000DAD769 /* Debug */,
				D472560B2454A21000DAD769 /* Release */,
			);
			defaultConfigurationIsVisible = 0;
			defaultConfigurationName = Release;
		};
		D472560C2454A21000DAD769 /* Build configuration list for PBXNativeTarget "project15-challenge" */ = {
			isa = XCConfigurationList;
			buildConfigurations = (
				D472560D2454A21000DAD769 /* Debug */,
				D472560E2454A21000DAD769 /* Release */,
			);
			defaultConfigurationIsVisible = 0;
			defaultConfigurationName = Release;
		};
/* End XCConfigurationList section */
	};
	rootObject = D47255FD2454A21000DAD769 /* Project object */;
}
